
Microsoft Visual Studio Solution File, Format Version 12.00
# Visual Studio 14
VisualStudioVersion = 14.0.24720.0
MinimumVisualStudioVersion = 10.0.40219.1
Project("{FAE04EC0-301F-11D3-BF4B-00C04F79EFBC}") = "Ideal", "Ideal\Ideal.csproj", "{6C310170-F0B4-4BEB-9F4F-98C434D29024}"
EndProject
Project("{FAE04EC0-301F-11D3-BF4B-00C04F79EFBC}") = "Ideal.Core", "Ideal.Core\Ideal.Core.csproj", "{FBF079DA-4D55-460C-AC31-5C676D2BD597}"
EndProject
Project("{FAE04EC0-301F-11D3-BF4B-00C04F79EFBC}") = "Ideal.Security", "Ideal.Security\Ideal.Security.csproj", "{A0F160B2-5795-4609-A64C-3155C9741150}"
EndProject
Project("{FAE04EC0-301F-11D3-BF4B-00C04F79EFBC}") = "Ideal.Common", "Ideal.Common\Ideal.Common.csproj", "{2F88F0AE-3278-4D1C-ADF3-01EC8EF881BA}"
EndProject
Project("{FAE04EC0-301F-11D3-BF4B-00C04F79EFBC}") = "Ideal.Common.Tests", "Ideal.Common.Tests\Ideal.Common.Tests.csproj", "{00AE610A-B9E3-46B4-A627-A6E789E4DFF9}"
EndProject
Project("{FAE04EC0-301F-11D3-BF4B-00C04F79EFBC}") = "Ideal.Core.Tests", "Ideal.Core.Tests\Ideal.Core.Tests.csproj", "{8FAD7EB2-8DA1-4DAF-83B5-C502B7D7A9F5}"
EndProject
Project("{FAE04EC0-301F-11D3-BF4B-00C04F79EFBC}") = "Ideal.Infrastructure", "Ideal.Infrastructure\Ideal.Infrastructure.csproj", "{F22E2E5E-C5B0-4EC9-A201-4D9D6F7A7B1E}"
EndProject
Project("{FAE04EC0-301F-11D3-BF4B-00C04F79EFBC}") = "Ideal.Security.Tests", "Ideal.Security.Tests\Ideal.Security.Tests.csproj", "{B3261295-DABA-4944-8302-FEC243AC2DA9}"
EndProject
Project("{FAE04EC0-301F-11D3-BF4B-00C04F79EFBC}") = "Ideal.Infrastructure.Tests", "Ideal.Infrastructure.Tests\Ideal.Infrastructure.Tests.csproj", "{4C64EE0E-29AF-4EE5-A602-82ED41665E38}"
EndProject
Project("{FAE04EC0-301F-11D3-BF4B-00C04F79EFBC}") = "Ideal.Tests", "Ideal.Tests\Ideal.Tests.csproj", "{19957080-28D1-4C79-8FF0-2B5F229B3D67}"
EndProject
Project("{2150E333-8FDC-42A3-9474-1A3956D46DE8}") = "Common", "Common", "{17432D78-E8C2-4095-AD9F-2F85D4541093}"
EndProject
Project("{2150E333-8FDC-42A3-9474-1A3956D46DE8}") = "Infrastructure", "Infrastructure", "{34E6A0CD-4A3B-47DD-8F64-1BF345331AB8}"
EndProject
Project("{2150E333-8FDC-42A3-9474-1A3956D46DE8}") = "Core", "Core", "{1A869B6D-2E1F-4B99-BF81-86E67FE2AB0F}"
EndProject
Project("{2150E333-8FDC-42A3-9474-1A3956D46DE8}") = "Security", "Security", "{4D1D41DC-AB9D-4F61-AA70-1624764A2F12}"
EndProject
Project("{2150E333-8FDC-42A3-9474-1A3956D46DE8}") = "Identity", "Identity", "{458265E9-86AF-44D8-B13B-16B60D16D665}"
EndProject
Project("{FAE04EC0-301F-11D3-BF4B-00C04F79EFBC}") = "Ideal.Identity", "Ideal.Identity\Ideal.Identity.csproj", "{9D6C2298-1D7B-4219-AD39-219F08032F99}"
EndProject
Project("{2150E333-8FDC-42A3-9474-1A3956D46DE8}") = "Dependencies", "Dependencies", "{3B2F8D71-30CC-4660-BF88-9F4F4529F8B9}"
EndProject
Project("{FAE04EC0-301F-11D3-BF4B-00C04F79EFBC}") = "Ideal.Identity.Tests", "Ideal.Identity.Tests\Ideal.Identity.Tests.csproj", "{83B453AD-5849-4C3B-B014-E46EDBCA0490}"
EndProject
Project("{FAE04EC0-301F-11D3-BF4B-00C04F79EFBC}") = "Ideal.IdentityManager", "Ideal.IdentityManager\Ideal.IdentityManager.csproj", "{3EE0AE56-40D5-4C7C-9D00-06D3E870A153}"
EndProject
Project("{FAE04EC0-301F-11D3-BF4B-00C04F79EFBC}") = "Ideal.IdentityManager.Tests", "Ideal.IdentityManager.Tests\Ideal.IdentityManager.Tests.csproj", "{70074449-AC74-4E3A-BD8A-731D982B9ACC}"
EndProject
Global
	GlobalSection(SolutionConfigurationPlatforms) = preSolution
		Debug|Any CPU = Debug|Any CPU
		Release|Any CPU = Release|Any CPU
	EndGlobalSection
	GlobalSection(ProjectConfigurationPlatforms) = postSolution
		{6C310170-F0B4-4BEB-9F4F-98C434D29024}.Debug|Any CPU.ActiveCfg = Debug|Any CPU
		{6C310170-F0B4-4BEB-9F4F-98C434D29024}.Debug|Any CPU.Build.0 = Debug|Any CPU
		{6C310170-F0B4-4BEB-9F4F-98C434D29024}.Release|Any CPU.ActiveCfg = Release|Any CPU
		{6C310170-F0B4-4BEB-9F4F-98C434D29024}.Release|Any CPU.Build.0 = Release|Any CPU
		{FBF079DA-4D55-460C-AC31-5C676D2BD597}.Debug|Any CPU.ActiveCfg = Debug|Any CPU
		{FBF079DA-4D55-460C-AC31-5C676D2BD597}.Debug|Any CPU.Build.0 = Debug|Any CPU
		{FBF079DA-4D55-460C-AC31-5C676D2BD597}.Release|Any CPU.ActiveCfg = Release|Any CPU
		{FBF079DA-4D55-460C-AC31-5C676D2BD597}.Release|Any CPU.Build.0 = Release|Any CPU
		{A0F160B2-5795-4609-A64C-3155C9741150}.Debug|Any CPU.ActiveCfg = Debug|Any CPU
		{A0F160B2-5795-4609-A64C-3155C9741150}.Debug|Any CPU.Build.0 = Debug|Any CPU
		{A0F160B2-5795-4609-A64C-3155C9741150}.Release|Any CPU.ActiveCfg = Release|Any CPU
		{A0F160B2-5795-4609-A64C-3155C9741150}.Release|Any CPU.Build.0 = Release|Any CPU
		{2F88F0AE-3278-4D1C-ADF3-01EC8EF881BA}.Debug|Any CPU.ActiveCfg = Debug|Any CPU
		{2F88F0AE-3278-4D1C-ADF3-01EC8EF881BA}.Debug|Any CPU.Build.0 = Debug|Any CPU
		{2F88F0AE-3278-4D1C-ADF3-01EC8EF881BA}.Release|Any CPU.ActiveCfg = Release|Any CPU
		{2F88F0AE-3278-4D1C-ADF3-01EC8EF881BA}.Release|Any CPU.Build.0 = Release|Any CPU
		{00AE610A-B9E3-46B4-A627-A6E789E4DFF9}.Debug|Any CPU.ActiveCfg = Debug|Any CPU
		{00AE610A-B9E3-46B4-A627-A6E789E4DFF9}.Debug|Any CPU.Build.0 = Debug|Any CPU
		{00AE610A-B9E3-46B4-A627-A6E789E4DFF9}.Release|Any CPU.ActiveCfg = Release|Any CPU
		{00AE610A-B9E3-46B4-A627-A6E789E4DFF9}.Release|Any CPU.Build.0 = Release|Any CPU
		{8FAD7EB2-8DA1-4DAF-83B5-C502B7D7A9F5}.Debug|Any CPU.ActiveCfg = Debug|Any CPU
		{8FAD7EB2-8DA1-4DAF-83B5-C502B7D7A9F5}.Debug|Any CPU.Build.0 = Debug|Any CPU
		{8FAD7EB2-8DA1-4DAF-83B5-C502B7D7A9F5}.Release|Any CPU.ActiveCfg = Release|Any CPU
		{8FAD7EB2-8DA1-4DAF-83B5-C502B7D7A9F5}.Release|Any CPU.Build.0 = Release|Any CPU
		{F22E2E5E-C5B0-4EC9-A201-4D9D6F7A7B1E}.Debug|Any CPU.ActiveCfg = Debug|Any CPU
		{F22E2E5E-C5B0-4EC9-A201-4D9D6F7A7B1E}.Debug|Any CPU.Build.0 = Debug|Any CPU
		{F22E2E5E-C5B0-4EC9-A201-4D9D6F7A7B1E}.Release|Any CPU.ActiveCfg = Release|Any CPU
		{F22E2E5E-C5B0-4EC9-A201-4D9D6F7A7B1E}.Release|Any CPU.Build.0 = Release|Any CPU
		{B3261295-DABA-4944-8302-FEC243AC2DA9}.Debug|Any CPU.ActiveCfg = Debug|Any CPU
		{B3261295-DABA-4944-8302-FEC243AC2DA9}.Debug|Any CPU.Build.0 = Debug|Any CPU
		{B3261295-DABA-4944-8302-FEC243AC2DA9}.Release|Any CPU.ActiveCfg = Release|Any CPU
		{B3261295-DABA-4944-8302-FEC243AC2DA9}.Release|Any CPU.Build.0 = Release|Any CPU
		{4C64EE0E-29AF-4EE5-A602-82ED41665E38}.Debug|Any CPU.ActiveCfg = Debug|Any CPU
		{4C64EE0E-29AF-4EE5-A602-82ED41665E38}.Debug|Any CPU.Build.0 = Debug|Any CPU
		{4C64EE0E-29AF-4EE5-A602-82ED41665E38}.Release|Any CPU.ActiveCfg = Release|Any CPU
		{4C64EE0E-29AF-4EE5-A602-82ED41665E38}.Release|Any CPU.Build.0 = Release|Any CPU
		{19957080-28D1-4C79-8FF0-2B5F229B3D67}.Debug|Any CPU.ActiveCfg = Debug|Any CPU
		{19957080-28D1-4C79-8FF0-2B5F229B3D67}.Debug|Any CPU.Build.0 = Debug|Any CPU
		{19957080-28D1-4C79-8FF0-2B5F229B3D67}.Release|Any CPU.ActiveCfg = Release|Any CPU
		{19957080-28D1-4C79-8FF0-2B5F229B3D67}.Release|Any CPU.Build.0 = Release|Any CPU
		{9D6C2298-1D7B-4219-AD39-219F08032F99}.Debug|Any CPU.ActiveCfg = Debug|Any CPU
		{9D6C2298-1D7B-4219-AD39-219F08032F99}.Debug|Any CPU.Build.0 = Debug|Any CPU
		{9D6C2298-1D7B-4219-AD39-219F08032F99}.Release|Any CPU.ActiveCfg = Release|Any CPU
		{9D6C2298-1D7B-4219-AD39-219F08032F99}.Release|Any CPU.Build.0 = Release|Any CPU
		{83B453AD-5849-4C3B-B014-E46EDBCA0490}.Debug|Any CPU.ActiveCfg = Debug|Any CPU
		{83B453AD-5849-4C3B-B014-E46EDBCA0490}.Debug|Any CPU.Build.0 = Debug|Any CPU
		{83B453AD-5849-4C3B-B014-E46EDBCA0490}.Release|Any CPU.ActiveCfg = Release|Any CPU
		{83B453AD-5849-4C3B-B014-E46EDBCA0490}.Release|Any CPU.Build.0 = Release|Any CPU
		{3EE0AE56-40D5-4C7C-9D00-06D3E870A153}.Debug|Any CPU.ActiveCfg = Debug|Any CPU
		{3EE0AE56-40D5-4C7C-9D00-06D3E870A153}.Debug|Any CPU.Build.0 = Debug|Any CPU
		{3EE0AE56-40D5-4C7C-9D00-06D3E870A153}.Release|Any CPU.ActiveCfg = Release|Any CPU
		{3EE0AE56-40D5-4C7C-9D00-06D3E870A153}.Release|Any CPU.Build.0 = Release|Any CPU
		{70074449-AC74-4E3A-BD8A-731D982B9ACC}.Debug|Any CPU.ActiveCfg = Debug|Any CPU
		{70074449-AC74-4E3A-BD8A-731D982B9ACC}.Debug|Any CPU.Build.0 = Debug|Any CPU
		{70074449-AC74-4E3A-BD8A-731D982B9ACC}.Release|Any CPU.ActiveCfg = Release|Any CPU
		{70074449-AC74-4E3A-BD8A-731D982B9ACC}.Release|Any CPU.Build.0 = Release|Any CPU
	EndGlobalSection
	GlobalSection(SolutionProperties) = preSolution
		HideSolutionNode = FALSE
	EndGlobalSection
	GlobalSection(NestedProjects) = preSolution
		{FBF079DA-4D55-460C-AC31-5C676D2BD597} = {1A869B6D-2E1F-4B99-BF81-86E67FE2AB0F}
		{A0F160B2-5795-4609-A64C-3155C9741150} = {4D1D41DC-AB9D-4F61-AA70-1624764A2F12}
		{2F88F0AE-3278-4D1C-ADF3-01EC8EF881BA} = {17432D78-E8C2-4095-AD9F-2F85D4541093}
		{00AE610A-B9E3-46B4-A627-A6E789E4DFF9} = {17432D78-E8C2-4095-AD9F-2F85D4541093}
		{8FAD7EB2-8DA1-4DAF-83B5-C502B7D7A9F5} = {1A869B6D-2E1F-4B99-BF81-86E67FE2AB0F}
		{F22E2E5E-C5B0-4EC9-A201-4D9D6F7A7B1E} = {34E6A0CD-4A3B-47DD-8F64-1BF345331AB8}
		{B3261295-DABA-4944-8302-FEC243AC2DA9} = {4D1D41DC-AB9D-4F61-AA70-1624764A2F12}
		{4C64EE0E-29AF-4EE5-A602-82ED41665E38} = {34E6A0CD-4A3B-47DD-8F64-1BF345331AB8}
		{9D6C2298-1D7B-4219-AD39-219F08032F99} = {458265E9-86AF-44D8-B13B-16B60D16D665}
		{83B453AD-5849-4C3B-B014-E46EDBCA0490} = {458265E9-86AF-44D8-B13B-16B60D16D665}
		{3EE0AE56-40D5-4C7C-9D00-06D3E870A153} = {458265E9-86AF-44D8-B13B-16B60D16D665}
		{70074449-AC74-4E3A-BD8A-731D982B9ACC} = {458265E9-86AF-44D8-B13B-16B60D16D665}
	EndGlobalSection
EndGlobal
