
Microsoft Visual Studio Solution File, Format Version 12.00
# Visual Studio 14
VisualStudioVersion = 14.0.24720.0
MinimumVisualStudioVersion = 10.0.40219.1
Project("{FAE04EC0-301F-11D3-BF4B-00C04F79EFBC}") = "Ideal", "Ideal\Ideal.csproj", "{6C310170-F0B4-4BEB-9F4F-98C434D29024}"
EndProject
Project("{FAE04EC0-301F-11D3-BF4B-00C04F79EFBC}") = "Ideal.Tests", "Ideal.Tests\Ideal.Tests.csproj", "{6A6F81D8-C175-42BA-B2F9-7E1738E01EB0}"
EndProject
Project("{2150E333-8FDC-42A3-9474-1A3956D46DE8}") = "Tests", "Tests", "{512EDA82-076C-49D0-A309-2A89714B8990}"
EndProject
Project("{FAE04EC0-301F-11D3-BF4B-00C04F79EFBC}") = "Ideal.Core", "Ideal.Core\Ideal.Core.csproj", "{FBF079DA-4D55-460C-AC31-5C676D2BD597}"
EndProject
Project("{FAE04EC0-301F-11D3-BF4B-00C04F79EFBC}") = "Ideal.DependencyResolution", "Ideal.DependencyResolution\Ideal.DependencyResolution.csproj", "{F8E6A86F-C9D8-47B4-89E0-DAB9B967F9FB}"
EndProject
Project("{FAE04EC0-301F-11D3-BF4B-00C04F79EFBC}") = "Ideal.Security", "Ideal.Security\Ideal.Security.csproj", "{A0F160B2-5795-4609-A64C-3155C9741150}"
EndProject
Project("{FAE04EC0-301F-11D3-BF4B-00C04F79EFBC}") = "Ideal.Common", "Ideal.Common\Ideal.Common.csproj", "{2F88F0AE-3278-4D1C-ADF3-01EC8EF881BA}"
EndProject
Project("{FAE04EC0-301F-11D3-BF4B-00C04F79EFBC}") = "Ideal.Common.Tests", "Ideal.Common.Tests\Ideal.Common.Tests.csproj", "{00AE610A-B9E3-46B4-A627-A6E789E4DFF9}"
EndProject
Project("{FAE04EC0-301F-11D3-BF4B-00C04F79EFBC}") = "Ideal.Core.Tests", "Ideal.Core.Tests\Ideal.Core.Tests.csproj", "{8FAD7EB2-8DA1-4DAF-83B5-C502B7D7A9F5}"
EndProject
Project("{FAE04EC0-301F-11D3-BF4B-00C04F79EFBC}") = "Ideal.Infrastructure", "Ideal.Infrastructure\Ideal.Infrastructure.csproj", "{F22E2E5E-C5B0-4EC9-A201-4D9D6F7A7B1E}"
EndProject
Project("{FAE04EC0-301F-11D3-BF4B-00C04F79EFBC}") = "Ideal.Security.Tests", "Ideal.Security.Tests\Ideal.Security.Tests.csproj", "{B3261295-DABA-4944-8302-FEC243AC2DA9}"
EndProject
Global
	GlobalSection(SolutionConfigurationPlatforms) = preSolution
		Debug|Any CPU = Debug|Any CPU
		Release|Any CPU = Release|Any CPU
	EndGlobalSection
	GlobalSection(ProjectConfigurationPlatforms) = postSolution
		{6C310170-F0B4-4BEB-9F4F-98C434D29024}.Debug|Any CPU.ActiveCfg = Debug|Any CPU
		{6C310170-F0B4-4BEB-9F4F-98C434D29024}.Debug|Any CPU.Build.0 = Debug|Any CPU
		{6C310170-F0B4-4BEB-9F4F-98C434D29024}.Release|Any CPU.ActiveCfg = Release|Any CPU
		{6C310170-F0B4-4BEB-9F4F-98C434D29024}.Release|Any CPU.Build.0 = Release|Any CPU
		{6A6F81D8-C175-42BA-B2F9-7E1738E01EB0}.Debug|Any CPU.ActiveCfg = Debug|Any CPU
		{6A6F81D8-C175-42BA-B2F9-7E1738E01EB0}.Debug|Any CPU.Build.0 = Debug|Any CPU
		{6A6F81D8-C175-42BA-B2F9-7E1738E01EB0}.Release|Any CPU.ActiveCfg = Release|Any CPU
		{6A6F81D8-C175-42BA-B2F9-7E1738E01EB0}.Release|Any CPU.Build.0 = Release|Any CPU
		{FBF079DA-4D55-460C-AC31-5C676D2BD597}.Debug|Any CPU.ActiveCfg = Debug|Any CPU
		{FBF079DA-4D55-460C-AC31-5C676D2BD597}.Debug|Any CPU.Build.0 = Debug|Any CPU
		{FBF079DA-4D55-460C-AC31-5C676D2BD597}.Release|Any CPU.ActiveCfg = Release|Any CPU
		{FBF079DA-4D55-460C-AC31-5C676D2BD597}.Release|Any CPU.Build.0 = Release|Any CPU
		{F8E6A86F-C9D8-47B4-89E0-DAB9B967F9FB}.Debug|Any CPU.ActiveCfg = Debug|Any CPU
		{F8E6A86F-C9D8-47B4-89E0-DAB9B967F9FB}.Debug|Any CPU.Build.0 = Debug|Any CPU
		{F8E6A86F-C9D8-47B4-89E0-DAB9B967F9FB}.Release|Any CPU.ActiveCfg = Release|Any CPU
		{F8E6A86F-C9D8-47B4-89E0-DAB9B967F9FB}.Release|Any CPU.Build.0 = Release|Any CPU
		{A0F160B2-5795-4609-A64C-3155C9741150}.Debug|Any CPU.ActiveCfg = Debug|Any CPU
		{A0F160B2-5795-4609-A64C-3155C9741150}.Debug|Any CPU.Build.0 = Debug|Any CPU
		{A0F160B2-5795-4609-A64C-3155C9741150}.Release|Any CPU.ActiveCfg = Release|Any CPU
		{A0F160B2-5795-4609-A64C-3155C9741150}.Release|Any CPU.Build.0 = Release|Any CPU
		{2F88F0AE-3278-4D1C-ADF3-01EC8EF881BA}.Debug|Any CPU.ActiveCfg = Debug|Any CPU
		{2F88F0AE-3278-4D1C-ADF3-01EC8EF881BA}.Debug|Any CPU.Build.0 = Debug|Any CPU
		{2F88F0AE-3278-4D1C-ADF3-01EC8EF881BA}.Release|Any CPU.ActiveCfg = Release|Any CPU
		{2F88F0AE-3278-4D1C-ADF3-01EC8EF881BA}.Release|Any CPU.Build.0 = Release|Any CPU
		{00AE610A-B9E3-46B4-A627-A6E789E4DFF9}.Debug|Any CPU.ActiveCfg = Debug|Any CPU
		{00AE610A-B9E3-46B4-A627-A6E789E4DFF9}.Debug|Any CPU.Build.0 = Debug|Any CPU
		{00AE610A-B9E3-46B4-A627-A6E789E4DFF9}.Release|Any CPU.ActiveCfg = Release|Any CPU
		{00AE610A-B9E3-46B4-A627-A6E789E4DFF9}.Release|Any CPU.Build.0 = Release|Any CPU
		{8FAD7EB2-8DA1-4DAF-83B5-C502B7D7A9F5}.Debug|Any CPU.ActiveCfg = Debug|Any CPU
		{8FAD7EB2-8DA1-4DAF-83B5-C502B7D7A9F5}.Debug|Any CPU.Build.0 = Debug|Any CPU
		{8FAD7EB2-8DA1-4DAF-83B5-C502B7D7A9F5}.Release|Any CPU.ActiveCfg = Release|Any CPU
		{8FAD7EB2-8DA1-4DAF-83B5-C502B7D7A9F5}.Release|Any CPU.Build.0 = Release|Any CPU
		{F22E2E5E-C5B0-4EC9-A201-4D9D6F7A7B1E}.Debug|Any CPU.ActiveCfg = Debug|Any CPU
		{F22E2E5E-C5B0-4EC9-A201-4D9D6F7A7B1E}.Debug|Any CPU.Build.0 = Debug|Any CPU
		{F22E2E5E-C5B0-4EC9-A201-4D9D6F7A7B1E}.Release|Any CPU.ActiveCfg = Release|Any CPU
		{F22E2E5E-C5B0-4EC9-A201-4D9D6F7A7B1E}.Release|Any CPU.Build.0 = Release|Any CPU
		{B3261295-DABA-4944-8302-FEC243AC2DA9}.Debug|Any CPU.ActiveCfg = Debug|Any CPU
		{B3261295-DABA-4944-8302-FEC243AC2DA9}.Debug|Any CPU.Build.0 = Debug|Any CPU
		{B3261295-DABA-4944-8302-FEC243AC2DA9}.Release|Any CPU.ActiveCfg = Release|Any CPU
		{B3261295-DABA-4944-8302-FEC243AC2DA9}.Release|Any CPU.Build.0 = Release|Any CPU
	EndGlobalSection
	GlobalSection(SolutionProperties) = preSolution
		HideSolutionNode = FALSE
	EndGlobalSection
	GlobalSection(NestedProjects) = preSolution
		{6A6F81D8-C175-42BA-B2F9-7E1738E01EB0} = {512EDA82-076C-49D0-A309-2A89714B8990}
	EndGlobalSection
EndGlobal
